
Microsoft Visual Studio Solution File, Format Version 12.00
# Visual Studio Version 16
VisualStudioVersion = 16.0.30907.101
MinimumVisualStudioVersion = 10.0.40219.1
Project("{FAE04EC0-301F-11D3-BF4B-00C04F79EFBC}") = "WpfApp1", "WpfApp1.csproj", "{C291BF9F-8B97-416F-ABD2-D62E8758F43E}"
EndProject
Global
	GlobalSection(SolutionConfigurationPlatforms) = preSolution
		Debug|Any CPU = Debug|Any CPU
		Release|Any CPU = Release|Any CPU
	EndGlobalSection
	GlobalSection(ProjectConfigurationPlatforms) = postSolution
		{C291BF9F-8B97-416F-ABD2-D62E8758F43E}.Debug|Any CPU.ActiveCfg = Debug|Any CPU
		{C291BF9F-8B97-416F-ABD2-D62E8758F43E}.Debug|Any CPU.Build.0 = Debug|Any CPU
		{C291BF9F-8B97-416F-ABD2-D62E8758F43E}.Release|Any CPU.ActiveCfg = Release|Any CPU
		{C291BF9F-8B97-416F-ABD2-D62E8758F43E}.Release|Any CPU.Build.0 = Release|Any CPU
	EndGlobalSection
	GlobalSection(SolutionProperties) = preSolution
		HideSolutionNode = FALSE
	EndGlobalSection
	GlobalSection(ExtensibilityGlobals) = postSolution
		SolutionGuid = {2CEC1D15-2844-4FE1-979F-90FBBFF2FC46}
	EndGlobalSection
EndGlobal
